
Microsoft Visual Studio Solution File, Format Version 12.00
# Visual Studio Version 17
VisualStudioVersion = 17.1.32414.318
MinimumVisualStudioVersion = 10.0.40219.1
Project("{FAE04EC0-301F-11D3-BF4B-00C04F79EFBC}") = "Chitalka_v3", "Chitalka_v3\Chitalka_v3.csproj", "{8297EA6D-89D8-4F1F-BEFC-7A3F97E0B014}"
EndProject
Global
	GlobalSection(SolutionConfigurationPlatforms) = preSolution
		Debug|Any CPU = Debug|Any CPU
		Release|Any CPU = Release|Any CPU
	EndGlobalSection
	GlobalSection(ProjectConfigurationPlatforms) = postSolution
		{8297EA6D-89D8-4F1F-BEFC-7A3F97E0B014}.Debug|Any CPU.ActiveCfg = Debug|Any CPU
		{8297EA6D-89D8-4F1F-BEFC-7A3F97E0B014}.Debug|Any CPU.Build.0 = Debug|Any CPU
		{8297EA6D-89D8-4F1F-BEFC-7A3F97E0B014}.Release|Any CPU.ActiveCfg = Release|Any CPU
		{8297EA6D-89D8-4F1F-BEFC-7A3F97E0B014}.Release|Any CPU.Build.0 = Release|Any CPU
	EndGlobalSection
	GlobalSection(SolutionProperties) = preSolution
		HideSolutionNode = FALSE
	EndGlobalSection
	GlobalSection(ExtensibilityGlobals) = postSolution
		SolutionGuid = {033CD701-22BC-4E73-8742-89373A6780B2}
	EndGlobalSection
EndGlobal
